
Microsoft Visual Studio Solution File, Format Version 12.00
# Visual Studio Version 16
VisualStudioVersion = 16.0.34729.46
MinimumVisualStudioVersion = 10.0.40219.1
Project("{FAE04EC0-301F-11D3-BF4B-00C04F79EFBC}") = "Report", "Report\Report.csproj", "{77648002-827D-462E-BBC3-0C60C3C7CFB8}"
EndProject
Global
	GlobalSection(SolutionConfigurationPlatforms) = preSolution
		Debug|Any CPU = Debug|Any CPU
		Release|Any CPU = Release|Any CPU
	EndGlobalSection
	GlobalSection(ProjectConfigurationPlatforms) = postSolution
		{77648002-827D-462E-BBC3-0C60C3C7CFB8}.Debug|Any CPU.ActiveCfg = Debug|Any CPU
		{77648002-827D-462E-BBC3-0C60C3C7CFB8}.Debug|Any CPU.Build.0 = Debug|Any CPU
		{77648002-827D-462E-BBC3-0C60C3C7CFB8}.Release|Any CPU.ActiveCfg = Release|Any CPU
		{77648002-827D-462E-BBC3-0C60C3C7CFB8}.Release|Any CPU.Build.0 = Release|Any CPU
	EndGlobalSection
	GlobalSection(SolutionProperties) = preSolution
		HideSolutionNode = FALSE
	EndGlobalSection
	GlobalSection(ExtensibilityGlobals) = postSolution
		SolutionGuid = {B6AB28A0-202C-4A82-9060-1EA86669E2DD}
	EndGlobalSection
EndGlobal
